# This file was autogenerated by Stack.
# You should not edit this file by hand.
# For more information, please see the documentation at:
#   https://docs.haskellstack.org/en/stable/lock_files

packages:
- completed:
    hackage: linux-inotify-0.3.0.2@sha256:c1babde8fd104151696cf4cf95f21d72a056ead89f879abf68330476c818af44,2538
    pantry-tree:
      size: 277
      sha256: 487d3c49453c9fe980508f446c3286088e4abc3611747233f465f9b0fa3b9f04
  original:
    hackage: linux-inotify-0.3.0.2@sha256:c1babde8fd104151696cf4cf95f21d72a056ead89f879abf68330476c818af44,2538
- completed:
    size: 8445
    url: https://github.com/turboMaCk/unix-recursive/archive/4112e3b5c7838f556e9d1aa0a4a843375e867bcb.tar.gz
    name: unix-recursive
    version: 0.1.0.0
    sha256: 0d8ab47157fa8427f26e0c60652512c65646d12d0f2caa6bf6fee608210a991f
    pantry-tree:
      size: 1193
      sha256: d9c958095e74384cafaa7dd3e1c2ebdd36cc8789299d79c51a7f2b3fd5c43ad7
  original:
    url: https://github.com/turboMaCk/unix-recursive/archive/4112e3b5c7838f556e9d1aa0a4a843375e867bcb.tar.gz
- completed:
    size: 8258
    url: https://github.com/turboMack/kqueue/archive/768a76052f166281c8f3feb0cc4b6beee01808cd.tar.gz
    name: kqueue
    version: 0.2.1
    sha256: 4633e4f58123bba9f9f45b463fb8f73a0ed8fa47f45da878dcadc8cf8983c5cf
    pantry-tree:
      size: 834
      sha256: 094c4142efcb70883dc454a23f681db5daeab8528e572163868b4facd2007558
  original:
    url: https://github.com/turboMack/kqueue/archive/768a76052f166281c8f3feb0cc4b6beee01808cd.tar.gz
snapshots:
- completed:
    size: 563103
    url: https://raw.githubusercontent.com/commercialhaskell/stackage-snapshots/master/lts/17/4.yaml
    sha256: f11e2153044f5f71ea7b1c9398f4721f517c9bd37642ed769647b896564021f3
  original:
    url: https://raw.githubusercontent.com/commercialhaskell/stackage-snapshots/master/lts/17/4.yaml
